// !$*UTF8*$!
{
	archiveVersion = 1;
	classes = {
	};
	objectVersion = 50;
	objects = {

/* Begin PBXBuildFile section */
		9899C0BC2488C69A00F1DCAD /* AppDelegate.m in Sources */ = {isa = PBXBuildFile; fileRef = 9899C0BB2488C69A00F1DCAD /* AppDelegate.m */; };
		9899C0BF2488C69A00F1DCAD /* SceneDelegate.m in Sources */ = {isa = PBXBuildFile; fileRef = 9899C0BE2488C69A00F1DCAD /* SceneDelegate.m */; };
		9899C0C22488C69A00F1DCAD /* ViewController.m in Sources */ = {isa = PBXBuildFile; fileRef = 9899C0C12488C69A00F1DCAD /* ViewController.m */; };
		9899C0C52488C69A00F1DCAD /* Main.storyboard in Resources */ = {isa = PBXBuildFile; fileRef = 9899C0C32488C69A00F1DCAD /* Main.storyboard */; };
		9899C0C72488C69D00F1DCAD /* Assets.xcassets in Resources */ = {isa = PBXBuildFile; fileRef = 9899C0C62488C69D00F1DCAD /* Assets.xcassets */; };
		9899C0CA2488C69D00F1DCAD /* LaunchScreen.storyboard in Resources */ = {isa = PBXBuildFile; fileRef = 9899C0C82488C69D00F1DCAD /* LaunchScreen.storyboard */; };
		9899C0CD2488C69D00F1DCAD /* main.m in Sources */ = {isa = PBXBuildFile; fileRef = 9899C0CC2488C69D00F1DCAD /* main.m */; };
		98AEFBE42488EF0D001C108F /* ActivityView.m in Sources */ = {isa = PBXBuildFile; fileRef = 98AEFBA52488EF0D001C108F /* ActivityView.m */; };
		98AEFBE52488EF0D001C108F /* UIView+Layout.m in Sources */ = {isa = PBXBuildFile; fileRef = 98AEFBA62488EF0D001C108F /* UIView+Layout.m */; };
		98AEFBE62488EF0D001C108F /* LXFFileManager.m in Sources */ = {isa = PBXBuildFile; fileRef = 98AEFBA92488EF0D001C108F /* LXFFileManager.m */; };
		98AEFBE72488EF0D001C108F /* LXFMediaImage.m in Sources */ = {isa = PBXBuildFile; fileRef = 98AEFBAC2488EF0D001C108F /* LXFMediaImage.m */; };
		98AEFBE82488EF0D001C108F /* UIView+Toast.m in Sources */ = {isa = PBXBuildFile; fileRef = 98AEFBAD2488EF0D001C108F /* UIView+Toast.m */; };
		98AEFBE92488EF0D001C108F /* LXFVideoShowViewController.m in Sources */ = {isa = PBXBuildFile; fileRef = 98AEFBAF2488EF0D001C108F /* LXFVideoShowViewController.m */; };
		98AEFBEA2488EF0D001C108F /* jiazai_1.png in Resources */ = {isa = PBXBuildFile; fileRef = 98AEFBB22488EF0D001C108F /* jiazai_1.png */; };
		98AEFBEB2488EF0D001C108F /* jiazai_3.png in Resources */ = {isa = PBXBuildFile; fileRef = 98AEFBB32488EF0D001C108F /* jiazai_3.png */; };
		98AEFBEC2488EF0D001C108F /* jiazai_2.png in Resources */ = {isa = PBXBuildFile; fileRef = 98AEFBB42488EF0D001C108F /* jiazai_2.png */; };
		98AEFBED2488EF0D001C108F /* LXFBrowserCollectionViewCell.m in Sources */ = {isa = PBXBuildFile; fileRef = 98AEFBB62488EF0D001C108F /* LXFBrowserCollectionViewCell.m */; };
		98AEFBEE2488EF0D001C108F /* DACircularProgressView.m in Sources */ = {isa = PBXBuildFile; fileRef = 98AEFBB82488EF0D001C108F /* DACircularProgressView.m */; };
		98AEFBEF2488EF0D001C108F /* LXFBrowserViewController.m in Sources */ = {isa = PBXBuildFile; fileRef = 98AEFBBA2488EF0D001C108F /* LXFBrowserViewController.m */; };
		98AEFBF02488EF0D001C108F /* YLGIFImage.m in Sources */ = {isa = PBXBuildFile; fileRef = 98AEFBBE2488EF0D001C108F /* YLGIFImage.m */; };
		98AEFBF12488EF0D001C108F /* YLImageView.m in Sources */ = {isa = PBXBuildFile; fileRef = 98AEFBBF2488EF0D001C108F /* YLImageView.m */; };
		98AEFBF22488EF0D001C108F /* LXFPhoto_GP_ContentView.m in Sources */ = {isa = PBXBuildFile; fileRef = 98AEFBC32488EF0D001C108F /* LXFPhoto_GP_ContentView.m */; };
		98AEFBF32488EF0D001C108F /* LXFPhoto_GP_GridCell.m in Sources */ = {isa = PBXBuildFile; fileRef = 98AEFBC52488EF0D001C108F /* LXFPhoto_GP_GridCell.m */; };
		98AEFBF42488EF0D001C108F /* LXFPhoto_GP_GridView.m in Sources */ = {isa = PBXBuildFile; fileRef = 98AEFBC62488EF0D001C108F /* LXFPhoto_GP_GridView.m */; };
		98AEFBF52488EF0D001C108F /* LXFPhotoViewController.m in Sources */ = {isa = PBXBuildFile; fileRef = 98AEFBC82488EF0D001C108F /* LXFPhotoViewController.m */; };
		98AEFBF62488EF0D001C108F /* LXFPhoto_AlbumTableViewCell.m in Sources */ = {isa = PBXBuildFile; fileRef = 98AEFBC92488EF0D001C108F /* LXFPhoto_AlbumTableViewCell.m */; };
		98AEFBF72488EF0D001C108F /* LXFPhoto_Album.m in Sources */ = {isa = PBXBuildFile; fileRef = 98AEFBCA2488EF0D001C108F /* LXFPhoto_Album.m */; };
		98AEFBF82488EF0D001C108F /* goods_icon_red_nike.png in Resources */ = {isa = PBXBuildFile; fileRef = 98AEFBCC2488EF0D001C108F /* goods_icon_red_nike.png */; };
		98AEFBF92488EF0D001C108F /* LXFPH_UnSeleted@2x.png in Resources */ = {isa = PBXBuildFile; fileRef = 98AEFBCD2488EF0D001C108F /* LXFPH_UnSeleted@2x.png */; };
		98AEFBFA2488EF0D001C108F /* goods_icon_red_nike@2x.png in Resources */ = {isa = PBXBuildFile; fileRef = 98AEFBCE2488EF0D001C108F /* goods_icon_red_nike@2x.png */; };
		98AEFBFB2488EF0D001C108F /* LXFPH_Selected@3x.png in Resources */ = {isa = PBXBuildFile; fileRef = 98AEFBCF2488EF0D001C108F /* LXFPH_Selected@3x.png */; };
		98AEFBFC2488EF0D001C108F /* LXFP_Default.png in Resources */ = {isa = PBXBuildFile; fileRef = 98AEFBD02488EF0D001C108F /* LXFP_Default.png */; };
		98AEFBFD2488EF0D001C108F /* LXFPH_Selected@2x.png in Resources */ = {isa = PBXBuildFile; fileRef = 98AEFBD12488EF0D001C108F /* LXFPH_Selected@2x.png */; };
		98AEFBFE2488EF0D001C108F /* goods_icon_red_nike@3x.png in Resources */ = {isa = PBXBuildFile; fileRef = 98AEFBD22488EF0D001C108F /* goods_icon_red_nike@3x.png */; };
		98AEFBFF2488EF0D001C108F /* LXFPH_UnSeleted@3x.png in Resources */ = {isa = PBXBuildFile; fileRef = 98AEFBD32488EF0D001C108F /* LXFPH_UnSeleted@3x.png */; };
		98AEFC002488EF0D001C108F /* LXFPH_UnSeleted.png in Resources */ = {isa = PBXBuildFile; fileRef = 98AEFBD42488EF0D001C108F /* LXFPH_UnSeleted.png */; };
		98AEFC012488EF0D001C108F /* LXFPH_arrow_up.png in Resources */ = {isa = PBXBuildFile; fileRef = 98AEFBD52488EF0D001C108F /* LXFPH_arrow_up.png */; };
		98AEFC022488EF0D001C108F /* LXFPH_Selected.png in Resources */ = {isa = PBXBuildFile; fileRef = 98AEFBD62488EF0D001C108F /* LXFPH_Selected.png */; };
		98AEFC032488EF0D001C108F /* LXFPhoto_AlbumsView.m in Sources */ = {isa = PBXBuildFile; fileRef = 98AEFBDF2488EF0D001C108F /* LXFPhoto_AlbumsView.m */; };
		98AEFC042488EF0D001C108F /* LXFPhoto_ViewModel.m in Sources */ = {isa = PBXBuildFile; fileRef = 98AEFBE12488EF0D001C108F /* LXFPhoto_ViewModel.m */; };
		98AEFC052488EF0D001C108F /* LXFPhoto_Manager.m in Sources */ = {isa = PBXBuildFile; fileRef = 98AEFBE22488EF0D001C108F /* LXFPhoto_Manager.m */; };
		98AEFC062488EF0D001C108F /* LXFPhotoPicker.m in Sources */ = {isa = PBXBuildFile; fileRef = 98AEFBE32488EF0D001C108F /* LXFPhotoPicker.m */; };
/* End PBXBuildFile section */

/* Begin PBXFileReference section */
		9899C0B72488C69A00F1DCAD /* LXFPhotoPicker.app */ = {isa = PBXFileReference; explicitFileType = wrapper.application; includeInIndex = 0; path = LXFPhotoPicker.app; sourceTree = BUILT_PRODUCTS_DIR; };
		9899C0BA2488C69A00F1DCAD /* AppDelegate.h */ = {isa = PBXFileReference; lastKnownFileType = sourcecode.c.h; path = AppDelegate.h; sourceTree = "<group>"; };
		9899C0BB2488C69A00F1DCAD /* AppDelegate.m */ = {isa = PBXFileReference; lastKnownFileType = sourcecode.c.objc; path = AppDelegate.m; sourceTree = "<group>"; };
		9899C0BD2488C69A00F1DCAD /* SceneDelegate.h */ = {isa = PBXFileReference; lastKnownFileType = sourcecode.c.h; path = SceneDelegate.h; sourceTree = "<group>"; };
		9899C0BE2488C69A00F1DCAD /* SceneDelegate.m */ = {isa = PBXFileReference; lastKnownFileType = sourcecode.c.objc; path = SceneDelegate.m; sourceTree = "<group>"; };
		9899C0C02488C69A00F1DCAD /* ViewController.h */ = {isa = PBXFileReference; lastKnownFileType = sourcecode.c.h; path = ViewController.h; sourceTree = "<group>"; };
		9899C0C12488C69A00F1DCAD /* ViewController.m */ = {isa = PBXFileReference; lastKnownFileType = sourcecode.c.objc; path = ViewController.m; sourceTree = "<group>"; };
		9899C0C42488C69A00F1DCAD /* Base */ = {isa = PBXFileReference; lastKnownFileType = file.storyboard; name = Base; path = Base.lproj/Main.storyboard; sourceTree = "<group>"; };
		9899C0C62488C69D00F1DCAD /* Assets.xcassets */ = {isa = PBXFileReference; lastKnownFileType = folder.assetcatalog; path = Assets.xcassets; sourceTree = "<group>"; };
		9899C0C92488C69D00F1DCAD /* Base */ = {isa = PBXFileReference; lastKnownFileType = file.storyboard; name = Base; path = Base.lproj/LaunchScreen.storyboard; sourceTree = "<group>"; };
		9899C0CB2488C69D00F1DCAD /* Info.plist */ = {isa = PBXFileReference; lastKnownFileType = text.plist.xml; path = Info.plist; sourceTree = "<group>"; };
		9899C0CC2488C69D00F1DCAD /* main.m */ = {isa = PBXFileReference; lastKnownFileType = sourcecode.c.objc; path = main.m; sourceTree = "<group>"; };
		98AEFBA42488EF0D001C108F /* LXFFileManager.h */ = {isa = PBXFileReference; fileEncoding = 4; lastKnownFileType = sourcecode.c.h; path = LXFFileManager.h; sourceTree = "<group>"; };
		98AEFBA52488EF0D001C108F /* ActivityView.m */ = {isa = PBXFileReference; fileEncoding = 4; lastKnownFileType = sourcecode.c.objc; path = ActivityView.m; sourceTree = "<group>"; };
		98AEFBA62488EF0D001C108F /* UIView+Layout.m */ = {isa = PBXFileReference; fileEncoding = 4; lastKnownFileType = sourcecode.c.objc; path = "UIView+Layout.m"; sourceTree = "<group>"; };
		98AEFBA72488EF0D001C108F /* UIView+Toast.h */ = {isa = PBXFileReference; fileEncoding = 4; lastKnownFileType = sourcecode.c.h; path = "UIView+Toast.h"; sourceTree = "<group>"; };
		98AEFBA82488EF0D001C108F /* LXFMediaImage.h */ = {isa = PBXFileReference; fileEncoding = 4; lastKnownFileType = sourcecode.c.h; path = LXFMediaImage.h; sourceTree = "<group>"; };
		98AEFBA92488EF0D001C108F /* LXFFileManager.m */ = {isa = PBXFileReference; fileEncoding = 4; lastKnownFileType = sourcecode.c.objc; path = LXFFileManager.m; sourceTree = "<group>"; };
		98AEFBAA2488EF0D001C108F /* UIView+Layout.h */ = {isa = PBXFileReference; fileEncoding = 4; lastKnownFileType = sourcecode.c.h; path = "UIView+Layout.h"; sourceTree = "<group>"; };
		98AEFBAB2488EF0D001C108F /* ActivityView.h */ = {isa = PBXFileReference; fileEncoding = 4; lastKnownFileType = sourcecode.c.h; path = ActivityView.h; sourceTree = "<group>"; };
		98AEFBAC2488EF0D001C108F /* LXFMediaImage.m */ = {isa = PBXFileReference; fileEncoding = 4; lastKnownFileType = sourcecode.c.objc; path = LXFMediaImage.m; sourceTree = "<group>"; };
		98AEFBAD2488EF0D001C108F /* UIView+Toast.m */ = {isa = PBXFileReference; fileEncoding = 4; lastKnownFileType = sourcecode.c.objc; path = "UIView+Toast.m"; sourceTree = "<group>"; };
		98AEFBAF2488EF0D001C108F /* LXFVideoShowViewController.m */ = {isa = PBXFileReference; fileEncoding = 4; lastKnownFileType = sourcecode.c.objc; path = LXFVideoShowViewController.m; sourceTree = "<group>"; };
		98AEFBB02488EF0D001C108F /* LXFVideoShowViewController.h */ = {isa = PBXFileReference; fileEncoding = 4; lastKnownFileType = sourcecode.c.h; path = LXFVideoShowViewController.h; sourceTree = "<group>"; };
		98AEFBB22488EF0D001C108F /* jiazai_1.png */ = {isa = PBXFileReference; lastKnownFileType = image.png; path = jiazai_1.png; sourceTree = "<group>"; };
		98AEFBB32488EF0D001C108F /* jiazai_3.png */ = {isa = PBXFileReference; lastKnownFileType = image.png; path = jiazai_3.png; sourceTree = "<group>"; };
		98AEFBB42488EF0D001C108F /* jiazai_2.png */ = {isa = PBXFileReference; lastKnownFileType = image.png; path = jiazai_2.png; sourceTree = "<group>"; };
		98AEFBB62488EF0D001C108F /* LXFBrowserCollectionViewCell.m */ = {isa = PBXFileReference; fileEncoding = 4; lastKnownFileType = sourcecode.c.objc; path = LXFBrowserCollectionViewCell.m; sourceTree = "<group>"; };
		98AEFBB82488EF0D001C108F /* DACircularProgressView.m */ = {isa = PBXFileReference; fileEncoding = 4; lastKnownFileType = sourcecode.c.objc; path = DACircularProgressView.m; sourceTree = "<group>"; };
		98AEFBB92488EF0D001C108F /* DACircularProgressView.h */ = {isa = PBXFileReference; fileEncoding = 4; lastKnownFileType = sourcecode.c.h; path = DACircularProgressView.h; sourceTree = "<group>"; };
		98AEFBBA2488EF0D001C108F /* LXFBrowserViewController.m */ = {isa = PBXFileReference; fileEncoding = 4; lastKnownFileType = sourcecode.c.objc; path = LXFBrowserViewController.m; sourceTree = "<group>"; };
		98AEFBBB2488EF0D001C108F /* LXFBrowserCollectionViewCell.h */ = {isa = PBXFileReference; fileEncoding = 4; lastKnownFileType = sourcecode.c.h; path = LXFBrowserCollectionViewCell.h; sourceTree = "<group>"; };
		98AEFBBC2488EF0D001C108F /* LXFBrowserViewController.h */ = {isa = PBXFileReference; fileEncoding = 4; lastKnownFileType = sourcecode.c.h; path = LXFBrowserViewController.h; sourceTree = "<group>"; };
		98AEFBBE2488EF0D001C108F /* YLGIFImage.m */ = {isa = PBXFileReference; fileEncoding = 4; lastKnownFileType = sourcecode.c.objc; path = YLGIFImage.m; sourceTree = "<group>"; };
		98AEFBBF2488EF0D001C108F /* YLImageView.m */ = {isa = PBXFileReference; fileEncoding = 4; lastKnownFileType = sourcecode.c.objc; path = YLImageView.m; sourceTree = "<group>"; };
		98AEFBC02488EF0D001C108F /* YLGIFImage.h */ = {isa = PBXFileReference; fileEncoding = 4; lastKnownFileType = sourcecode.c.h; path = YLGIFImage.h; sourceTree = "<group>"; };
		98AEFBC12488EF0D001C108F /* YLImageView.h */ = {isa = PBXFileReference; fileEncoding = 4; lastKnownFileType = sourcecode.c.h; path = YLImageView.h; sourceTree = "<group>"; };
		98AEFBC32488EF0D001C108F /* LXFPhoto_GP_ContentView.m */ = {isa = PBXFileReference; fileEncoding = 4; lastKnownFileType = sourcecode.c.objc; path = LXFPhoto_GP_ContentView.m; sourceTree = "<group>"; };
		98AEFBC42488EF0D001C108F /* LXFPhoto_Macro.h */ = {isa = PBXFileReference; fileEncoding = 4; lastKnownFileType = sourcecode.c.h; path = LXFPhoto_Macro.h; sourceTree = "<group>"; };
		98AEFBC52488EF0D001C108F /* LXFPhoto_GP_GridCell.m */ = {isa = PBXFileReference; fileEncoding = 4; lastKnownFileType = sourcecode.c.objc; path = LXFPhoto_GP_GridCell.m; sourceTree = "<group>"; };
		98AEFBC62488EF0D001C108F /* LXFPhoto_GP_GridView.m */ = {isa = PBXFileReference; fileEncoding = 4; lastKnownFileType = sourcecode.c.objc; path = LXFPhoto_GP_GridView.m; sourceTree = "<group>"; };
		98AEFBC72488EF0D001C108F /* LXFPhoto_AlbumsView.h */ = {isa = PBXFileReference; fileEncoding = 4; lastKnownFileType = sourcecode.c.h; path = LXFPhoto_AlbumsView.h; sourceTree = "<group>"; };
		98AEFBC82488EF0D001C108F /* LXFPhotoViewController.m */ = {isa = PBXFileReference; fileEncoding = 4; lastKnownFileType = sourcecode.c.objc; path = LXFPhotoViewController.m; sourceTree = "<group>"; };
		98AEFBC92488EF0D001C108F /* LXFPhoto_AlbumTableViewCell.m */ = {isa = PBXFileReference; fileEncoding = 4; lastKnownFileType = sourcecode.c.objc; path = LXFPhoto_AlbumTableViewCell.m; sourceTree = "<group>"; };
		98AEFBCA2488EF0D001C108F /* LXFPhoto_Album.m */ = {isa = PBXFileReference; fileEncoding = 4; lastKnownFileType = sourcecode.c.objc; path = LXFPhoto_Album.m; sourceTree = "<group>"; };
		98AEFBCC2488EF0D001C108F /* goods_icon_red_nike.png */ = {isa = PBXFileReference; lastKnownFileType = image.png; path = goods_icon_red_nike.png; sourceTree = "<group>"; };
		98AEFBCD2488EF0D001C108F /* LXFPH_UnSeleted@2x.png */ = {isa = PBXFileReference; lastKnownFileType = image.png; path = "LXFPH_UnSeleted@2x.png"; sourceTree = "<group>"; };
		98AEFBCE2488EF0D001C108F /* goods_icon_red_nike@2x.png */ = {isa = PBXFileReference; lastKnownFileType = image.png; path = "goods_icon_red_nike@2x.png"; sourceTree = "<group>"; };
		98AEFBCF2488EF0D001C108F /* LXFPH_Selected@3x.png */ = {isa = PBXFileReference; lastKnownFileType = image.png; path = "LXFPH_Selected@3x.png"; sourceTree = "<group>"; };
		98AEFBD02488EF0D001C108F /* LXFP_Default.png */ = {isa = PBXFileReference; lastKnownFileType = image.png; path = LXFP_Default.png; sourceTree = "<group>"; };
		98AEFBD12488EF0D001C108F /* LXFPH_Selected@2x.png */ = {isa = PBXFileReference; lastKnownFileType = image.png; path = "LXFPH_Selected@2x.png"; sourceTree = "<group>"; };
		98AEFBD22488EF0D001C108F /* goods_icon_red_nike@3x.png */ = {isa = PBXFileReference; lastKnownFileType = image.png; path = "goods_icon_red_nike@3x.png"; sourceTree = "<group>"; };
		98AEFBD32488EF0D001C108F /* LXFPH_UnSeleted@3x.png */ = {isa = PBXFileReference; lastKnownFileType = image.png; path = "LXFPH_UnSeleted@3x.png"; sourceTree = "<group>"; };
		98AEFBD42488EF0D001C108F /* LXFPH_UnSeleted.png */ = {isa = PBXFileReference; lastKnownFileType = image.png; path = LXFPH_UnSeleted.png; sourceTree = "<group>"; };
		98AEFBD52488EF0D001C108F /* LXFPH_arrow_up.png */ = {isa = PBXFileReference; lastKnownFileType = image.png; path = LXFPH_arrow_up.png; sourceTree = "<group>"; };
		98AEFBD62488EF0D001C108F /* LXFPH_Selected.png */ = {isa = PBXFileReference; lastKnownFileType = image.png; path = LXFPH_Selected.png; sourceTree = "<group>"; };
		98AEFBD72488EF0D001C108F /* LXFPhotoPicker.h */ = {isa = PBXFileReference; fileEncoding = 4; lastKnownFileType = sourcecode.c.h; path = LXFPhotoPicker.h; sourceTree = "<group>"; };
		98AEFBD82488EF0D001C108F /* LXFPhoto_ViewModel.h */ = {isa = PBXFileReference; fileEncoding = 4; lastKnownFileType = sourcecode.c.h; path = LXFPhoto_ViewModel.h; sourceTree = "<group>"; };
		98AEFBD92488EF0D001C108F /* LXFPhoto_Manager.h */ = {isa = PBXFileReference; fileEncoding = 4; lastKnownFileType = sourcecode.c.h; path = LXFPhoto_Manager.h; sourceTree = "<group>"; };
		98AEFBDA2488EF0D001C108F /* LXFPhoto_GP_GridCell.h */ = {isa = PBXFileReference; fileEncoding = 4; lastKnownFileType = sourcecode.c.h; path = LXFPhoto_GP_GridCell.h; sourceTree = "<group>"; };
		98AEFBDB2488EF0D001C108F /* LXFPhoto_GP_ContentView.h */ = {isa = PBXFileReference; fileEncoding = 4; lastKnownFileType = sourcecode.c.h; path = LXFPhoto_GP_ContentView.h; sourceTree = "<group>"; };
		98AEFBDC2488EF0D001C108F /* LXFPhoto_Album.h */ = {isa = PBXFileReference; fileEncoding = 4; lastKnownFileType = sourcecode.c.h; path = LXFPhoto_Album.h; sourceTree = "<group>"; };
		98AEFBDD2488EF0D001C108F /* LXFPhoto_AlbumTableViewCell.h */ = {isa = PBXFileReference; fileEncoding = 4; lastKnownFileType = sourcecode.c.h; path = LXFPhoto_AlbumTableViewCell.h; sourceTree = "<group>"; };
		98AEFBDE2488EF0D001C108F /* LXFPhotoViewController.h */ = {isa = PBXFileReference; fileEncoding = 4; lastKnownFileType = sourcecode.c.h; path = LXFPhotoViewController.h; sourceTree = "<group>"; };
		98AEFBDF2488EF0D001C108F /* LXFPhoto_AlbumsView.m */ = {isa = PBXFileReference; fileEncoding = 4; lastKnownFileType = sourcecode.c.objc; path = LXFPhoto_AlbumsView.m; sourceTree = "<group>"; };
		98AEFBE02488EF0D001C108F /* LXFPhoto_GP_GridView.h */ = {isa = PBXFileReference; fileEncoding = 4; lastKnownFileType = sourcecode.c.h; path = LXFPhoto_GP_GridView.h; sourceTree = "<group>"; };
		98AEFBE12488EF0D001C108F /* LXFPhoto_ViewModel.m */ = {isa = PBXFileReference; fileEncoding = 4; lastKnownFileType = sourcecode.c.objc; path = LXFPhoto_ViewModel.m; sourceTree = "<group>"; };
		98AEFBE22488EF0D001C108F /* LXFPhoto_Manager.m */ = {isa = PBXFileReference; fileEncoding = 4; lastKnownFileType = sourcecode.c.objc; path = LXFPhoto_Manager.m; sourceTree = "<group>"; };
		98AEFBE32488EF0D001C108F /* LXFPhotoPicker.m */ = {isa = PBXFileReference; fileEncoding = 4; lastKnownFileType = sourcecode.c.objc; path = LXFPhotoPicker.m; sourceTree = "<group>"; };
/* End PBXFileReference section */

/* Begin PBXFrameworksBuildPhase section */
		9899C0B42488C69A00F1DCAD /* Frameworks */ = {
			isa = PBXFrameworksBuildPhase;
			buildActionMask = 2147483647;
			files = (
			);
			runOnlyForDeploymentPostprocessing = 0;
		};
/* End PBXFrameworksBuildPhase section */

/* Begin PBXGroup section */
		9899C0AE2488C69A00F1DCAD = {
			isa = PBXGroup;
			children = (
				9899C0D32488C6B700F1DCAD /* Libs */,
				9899C0B92488C69A00F1DCAD /* LXFPhotoPicker */,
				9899C0B82488C69A00F1DCAD /* Products */,
			);
			sourceTree = "<group>";
		};
		9899C0B82488C69A00F1DCAD /* Products */ = {
			isa = PBXGroup;
			children = (
				9899C0B72488C69A00F1DCAD /* LXFPhotoPicker.app */,
			);
			name = Products;
			sourceTree = "<group>";
		};
		9899C0B92488C69A00F1DCAD /* LXFPhotoPicker */ = {
			isa = PBXGroup;
			children = (
				9899C0BA2488C69A00F1DCAD /* AppDelegate.h */,
				9899C0BB2488C69A00F1DCAD /* AppDelegate.m */,
				9899C0BD2488C69A00F1DCAD /* SceneDelegate.h */,
				9899C0BE2488C69A00F1DCAD /* SceneDelegate.m */,
				9899C0C02488C69A00F1DCAD /* ViewController.h */,
				9899C0C12488C69A00F1DCAD /* ViewController.m */,
				9899C0C32488C69A00F1DCAD /* Main.storyboard */,
				9899C0C62488C69D00F1DCAD /* Assets.xcassets */,
				9899C0C82488C69D00F1DCAD /* LaunchScreen.storyboard */,
				9899C0CB2488C69D00F1DCAD /* Info.plist */,
				9899C0CC2488C69D00F1DCAD /* main.m */,
			);
			path = LXFPhotoPicker;
			sourceTree = "<group>";
		};
		9899C0D32488C6B700F1DCAD /* Libs */ = {
			isa = PBXGroup;
			children = (
				98AEFBA22488EF0D001C108F /* LXFPhoto */,
			);
			path = Libs;
			sourceTree = "<group>";
		};
		98AEFBA22488EF0D001C108F /* LXFPhoto */ = {
			isa = PBXGroup;
			children = (
				98AEFBA32488EF0D001C108F /* Extension */,
				98AEFBB12488EF0D001C108F /* Images */,
				98AEFBC22488EF0D001C108F /* LXFPhotoPicker */,
				98AEFBB52488EF0D001C108F /* LXFBrowser */,
				98AEFBAE2488EF0D001C108F /* LXFShowVideo */,
			);
			path = LXFPhoto;
			sourceTree = "<group>";
		};
		98AEFBA32488EF0D001C108F /* Extension */ = {
			isa = PBXGroup;
			children = (
				98AEFBA42488EF0D001C108F /* LXFFileManager.h */,
				98AEFBA52488EF0D001C108F /* ActivityView.m */,
				98AEFBA62488EF0D001C108F /* UIView+Layout.m */,
				98AEFBA72488EF0D001C108F /* UIView+Toast.h */,
				98AEFBA82488EF0D001C108F /* LXFMediaImage.h */,
				98AEFBA92488EF0D001C108F /* LXFFileManager.m */,
				98AEFBAA2488EF0D001C108F /* UIView+Layout.h */,
				98AEFBAB2488EF0D001C108F /* ActivityView.h */,
				98AEFBAC2488EF0D001C108F /* LXFMediaImage.m */,
				98AEFBAD2488EF0D001C108F /* UIView+Toast.m */,
			);
			path = Extension;
			sourceTree = "<group>";
		};
		98AEFBAE2488EF0D001C108F /* LXFShowVideo */ = {
			isa = PBXGroup;
			children = (
				98AEFBAF2488EF0D001C108F /* LXFVideoShowViewController.m */,
				98AEFBB02488EF0D001C108F /* LXFVideoShowViewController.h */,
			);
			path = LXFShowVideo;
			sourceTree = "<group>";
		};
		98AEFBB12488EF0D001C108F /* Images */ = {
			isa = PBXGroup;
			children = (
				98AEFBB22488EF0D001C108F /* jiazai_1.png */,
				98AEFBB32488EF0D001C108F /* jiazai_3.png */,
				98AEFBB42488EF0D001C108F /* jiazai_2.png */,
			);
			path = Images;
			sourceTree = "<group>";
		};
		98AEFBB52488EF0D001C108F /* LXFBrowser */ = {
			isa = PBXGroup;
			children = (
				98AEFBB62488EF0D001C108F /* LXFBrowserCollectionViewCell.m */,
				98AEFBB72488EF0D001C108F /* DACircularProgress */,
				98AEFBBA2488EF0D001C108F /* LXFBrowserViewController.m */,
				98AEFBBB2488EF0D001C108F /* LXFBrowserCollectionViewCell.h */,
				98AEFBBC2488EF0D001C108F /* LXFBrowserViewController.h */,
				98AEFBBD2488EF0D001C108F /* YLGIFImage */,
			);
			path = LXFBrowser;
			sourceTree = "<group>";
		};
		98AEFBB72488EF0D001C108F /* DACircularProgress */ = {
			isa = PBXGroup;
			children = (
				98AEFBB82488EF0D001C108F /* DACircularProgressView.m */,
				98AEFBB92488EF0D001C108F /* DACircularProgressView.h */,
			);
			path = DACircularProgress;
			sourceTree = "<group>";
		};
		98AEFBBD2488EF0D001C108F /* YLGIFImage */ = {
			isa = PBXGroup;
			children = (
				98AEFBBE2488EF0D001C108F /* YLGIFImage.m */,
				98AEFBBF2488EF0D001C108F /* YLImageView.m */,
				98AEFBC02488EF0D001C108F /* YLGIFImage.h */,
				98AEFBC12488EF0D001C108F /* YLImageView.h */,
			);
			path = YLGIFImage;
			sourceTree = "<group>";
		};
		98AEFBC22488EF0D001C108F /* LXFPhotoPicker */ = {
			isa = PBXGroup;
			children = (
				98AEFBC32488EF0D001C108F /* LXFPhoto_GP_ContentView.m */,
				98AEFBC42488EF0D001C108F /* LXFPhoto_Macro.h */,
				98AEFBC52488EF0D001C108F /* LXFPhoto_GP_GridCell.m */,
				98AEFBC62488EF0D001C108F /* LXFPhoto_GP_GridView.m */,
				98AEFBC72488EF0D001C108F /* LXFPhoto_AlbumsView.h */,
				98AEFBC82488EF0D001C108F /* LXFPhotoViewController.m */,
				98AEFBC92488EF0D001C108F /* LXFPhoto_AlbumTableViewCell.m */,
				98AEFBCA2488EF0D001C108F /* LXFPhoto_Album.m */,
				98AEFBCB2488EF0D001C108F /* Images */,
				98AEFBD72488EF0D001C108F /* LXFPhotoPicker.h */,
				98AEFBD82488EF0D001C108F /* LXFPhoto_ViewModel.h */,
				98AEFBD92488EF0D001C108F /* LXFPhoto_Manager.h */,
				98AEFBDA2488EF0D001C108F /* LXFPhoto_GP_GridCell.h */,
				98AEFBDB2488EF0D001C108F /* LXFPhoto_GP_ContentView.h */,
				98AEFBDC2488EF0D001C108F /* LXFPhoto_Album.h */,
				98AEFBDD2488EF0D001C108F /* LXFPhoto_AlbumTableViewCell.h */,
				98AEFBDE2488EF0D001C108F /* LXFPhotoViewController.h */,
				98AEFBDF2488EF0D001C108F /* LXFPhoto_AlbumsView.m */,
				98AEFBE02488EF0D001C108F /* LXFPhoto_GP_GridView.h */,
				98AEFBE12488EF0D001C108F /* LXFPhoto_ViewModel.m */,
				98AEFBE22488EF0D001C108F /* LXFPhoto_Manager.m */,
				98AEFBE32488EF0D001C108F /* LXFPhotoPicker.m */,
			);
			path = LXFPhotoPicker;
			sourceTree = "<group>";
		};
		98AEFBCB2488EF0D001C108F /* Images */ = {
			isa = PBXGroup;
			children = (
				98AEFBCC2488EF0D001C108F /* goods_icon_red_nike.png */,
				98AEFBCD2488EF0D001C108F /* LXFPH_UnSeleted@2x.png */,
				98AEFBCE2488EF0D001C108F /* goods_icon_red_nike@2x.png */,
				98AEFBCF2488EF0D001C108F /* LXFPH_Selected@3x.png */,
				98AEFBD02488EF0D001C108F /* LXFP_Default.png */,
				98AEFBD12488EF0D001C108F /* LXFPH_Selected@2x.png */,
				98AEFBD22488EF0D001C108F /* goods_icon_red_nike@3x.png */,
				98AEFBD32488EF0D001C108F /* LXFPH_UnSeleted@3x.png */,
				98AEFBD42488EF0D001C108F /* LXFPH_UnSeleted.png */,
				98AEFBD52488EF0D001C108F /* LXFPH_arrow_up.png */,
				98AEFBD62488EF0D001C108F /* LXFPH_Selected.png */,
			);
			path = Images;
			sourceTree = "<group>";
		};
/* End PBXGroup section */

/* Begin PBXNativeTarget section */
		9899C0B62488C69A00F1DCAD /* LXFPhotoPicker */ = {
			isa = PBXNativeTarget;
			buildConfigurationList = 9899C0D02488C69D00F1DCAD /* Build configuration list for PBXNativeTarget "LXFPhotoPicker" */;
			buildPhases = (
				9899C0B32488C69A00F1DCAD /* Sources */,
				9899C0B42488C69A00F1DCAD /* Frameworks */,
				9899C0B52488C69A00F1DCAD /* Resources */,
			);
			buildRules = (
			);
			dependencies = (
			);
			name = LXFPhotoPicker;
			productName = LXFPhotoPicker;
			productReference = 9899C0B72488C69A00F1DCAD /* LXFPhotoPicker.app */;
			productType = "com.apple.product-type.application";
		};
/* End PBXNativeTarget section */

/* Begin PBXProject section */
		9899C0AF2488C69A00F1DCAD /* Project object */ = {
			isa = PBXProject;
			attributes = {
				LastUpgradeCheck = 1150;
				ORGANIZATIONNAME = guanniu;
				TargetAttributes = {
					9899C0B62488C69A00F1DCAD = {
						CreatedOnToolsVersion = 11.5;
					};
				};
			};
			buildConfigurationList = 9899C0B22488C69A00F1DCAD /* Build configuration list for PBXProject "LXFPhotoPicker" */;
			compatibilityVersion = "Xcode 9.3";
			developmentRegion = en;
			hasScannedForEncodings = 0;
			knownRegions = (
				en,
				Base,
			);
			mainGroup = 9899C0AE2488C69A00F1DCAD;
			productRefGroup = 9899C0B82488C69A00F1DCAD /* Products */;
			projectDirPath = "";
			projectRoot = "";
			targets = (
				9899C0B62488C69A00F1DCAD /* LXFPhotoPicker */,
			);
		};
/* End PBXProject section */

/* Begin PBXResourcesBuildPhase section */
		9899C0B52488C69A00F1DCAD /* Resources */ = {
			isa = PBXResourcesBuildPhase;
			buildActionMask = 2147483647;
			files = (
				9899C0CA2488C69D00F1DCAD /* LaunchScreen.storyboard in Resources */,
				98AEFBFE2488EF0D001C108F /* goods_icon_red_nike@3x.png in Resources */,
				9899C0C72488C69D00F1DCAD /* Assets.xcassets in Resources */,
				98AEFBEB2488EF0D001C108F /* jiazai_3.png in Resources */,
				98AEFBF82488EF0D001C108F /* goods_icon_red_nike.png in Resources */,
				98AEFC012488EF0D001C108F /* LXFPH_arrow_up.png in Resources */,
				98AEFBFD2488EF0D001C108F /* LXFPH_Selected@2x.png in Resources */,
				98AEFC022488EF0D001C108F /* LXFPH_Selected.png in Resources */,
				98AEFBFF2488EF0D001C108F /* LXFPH_UnSeleted@3x.png in Resources */,
				98AEFBFA2488EF0D001C108F /* goods_icon_red_nike@2x.png in Resources */,
				9899C0C52488C69A00F1DCAD /* Main.storyboard in Resources */,
				98AEFBF92488EF0D001C108F /* LXFPH_UnSeleted@2x.png in Resources */,
				98AEFBFC2488EF0D001C108F /* LXFP_Default.png in Resources */,
				98AEFBFB2488EF0D001C108F /* LXFPH_Selected@3x.png in Resources */,
				98AEFC002488EF0D001C108F /* LXFPH_UnSeleted.png in Resources */,
				98AEFBEC2488EF0D001C108F /* jiazai_2.png in Resources */,
				98AEFBEA2488EF0D001C108F /* jiazai_1.png in Resources */,
			);
			runOnlyForDeploymentPostprocessing = 0;
		};
/* End PBXResourcesBuildPhase section */

/* Begin PBXSourcesBuildPhase section */
		9899C0B32488C69A00F1DCAD /* Sources */ = {
			isa = PBXSourcesBuildPhase;
			buildActionMask = 2147483647;
			files = (
				98AEFBEF2488EF0D001C108F /* LXFBrowserViewController.m in Sources */,
				98AEFBE92488EF0D001C108F /* LXFVideoShowViewController.m in Sources */,
				98AEFBEE2488EF0D001C108F /* DACircularProgressView.m in Sources */,
				98AEFC062488EF0D001C108F /* LXFPhotoPicker.m in Sources */,
				98AEFC052488EF0D001C108F /* LXFPhoto_Manager.m in Sources */,
				98AEFBF22488EF0D001C108F /* LXFPhoto_GP_ContentView.m in Sources */,
				98AEFBE82488EF0D001C108F /* UIView+Toast.m in Sources */,
				98AEFBE42488EF0D001C108F /* ActivityView.m in Sources */,
				98AEFBED2488EF0D001C108F /* LXFBrowserCollectionViewCell.m in Sources */,
				9899C0C22488C69A00F1DCAD /* ViewController.m in Sources */,
				98AEFBF12488EF0D001C108F /* YLImageView.m in Sources */,
				98AEFBF52488EF0D001C108F /* LXFPhotoViewController.m in Sources */,
				98AEFBE62488EF0D001C108F /* LXFFileManager.m in Sources */,
				98AEFBF62488EF0D001C108F /* LXFPhoto_AlbumTableViewCell.m in Sources */,
				98AEFBE52488EF0D001C108F /* UIView+Layout.m in Sources */,
				98AEFBF42488EF0D001C108F /* LXFPhoto_GP_GridView.m in Sources */,
				98AEFBF02488EF0D001C108F /* YLGIFImage.m in Sources */,
				9899C0BC2488C69A00F1DCAD /* AppDelegate.m in Sources */,
				98AEFC042488EF0D001C108F /* LXFPhoto_ViewModel.m in Sources */,
				98AEFBF72488EF0D001C108F /* LXFPhoto_Album.m in Sources */,
				9899C0CD2488C69D00F1DCAD /* main.m in Sources */,
				9899C0BF2488C69A00F1DCAD /* SceneDelegate.m in Sources */,
				98AEFBE72488EF0D001C108F /* LXFMediaImage.m in Sources */,
				98AEFC032488EF0D001C108F /* LXFPhoto_AlbumsView.m in Sources */,
				98AEFBF32488EF0D001C108F /* LXFPhoto_GP_GridCell.m in Sources */,
			);
			runOnlyForDeploymentPostprocessing = 0;
		};
/* End PBXSourcesBuildPhase section */

/* Begin PBXVariantGroup section */
		9899C0C32488C69A00F1DCAD /* Main.storyboard */ = {
			isa = PBXVariantGroup;
			children = (
				9899C0C42488C69A00F1DCAD /* Base */,
			);
			name = Main.storyboard;
			sourceTree = "<group>";
		};
		9899C0C82488C69D00F1DCAD /* LaunchScreen.storyboard */ = {
			isa = PBXVariantGroup;
			children = (
				9899C0C92488C69D00F1DCAD /* Base */,
			);
			name = LaunchScreen.storyboard;
			sourceTree = "<group>";
		};
/* End PBXVariantGroup section */

/* Begin XCBuildConfiguration section */
		9899C0CE2488C69D00F1DCAD /* Debug */ = {
			isa = XCBuildConfiguration;
			buildSettings = {
				ALWAYS_SEARCH_USER_PATHS = NO;
				CLANG_ANALYZER_NONNULL = YES;
				CLANG_ANALYZER_NUMBER_OBJECT_CONVERSION = YES_AGGRESSIVE;
				CLANG_CXX_LANGUAGE_STANDARD = "gnu++14";
				CLANG_CXX_LIBRARY = "libc++";
				CLANG_ENABLE_MODULES = YES;
				CLANG_ENABLE_OBJC_ARC = YES;
				CLANG_ENABLE_OBJC_WEAK = YES;
				CLANG_WARN_BLOCK_CAPTURE_AUTORELEASING = YES;
				CLANG_WARN_BOOL_CONVERSION = YES;
				CLANG_WARN_COMMA = YES;
				CLANG_WARN_CONSTANT_CONVERSION = YES;
				CLANG_WARN_DEPRECATED_OBJC_IMPLEMENTATIONS = YES;
				CLANG_WARN_DIRECT_OBJC_ISA_USAGE = YES_ERROR;
				CLANG_WARN_DOCUMENTATION_COMMENTS = YES;
				CLANG_WARN_EMPTY_BODY = YES;
				CLANG_WARN_ENUM_CONVERSION = YES;
				CLANG_WARN_INFINITE_RECURSION = YES;
				CLANG_WARN_INT_CONVERSION = YES;
				CLANG_WARN_NON_LITERAL_NULL_CONVERSION = YES;
				CLANG_WARN_OBJC_IMPLICIT_RETAIN_SELF = YES;
				CLANG_WARN_OBJC_LITERAL_CONVERSION = YES;
				CLANG_WARN_OBJC_ROOT_CLASS = YES_ERROR;
				CLANG_WARN_RANGE_LOOP_ANALYSIS = YES;
				CLANG_WARN_STRICT_PROTOTYPES = YES;
				CLANG_WARN_SUSPICIOUS_MOVE = YES;
				CLANG_WARN_UNGUARDED_AVAILABILITY = YES_AGGRESSIVE;
				CLANG_WARN_UNREACHABLE_CODE = YES;
				CLANG_WARN__DUPLICATE_METHOD_MATCH = YES;
				COPY_PHASE_STRIP = NO;
				DEBUG_INFORMATION_FORMAT = dwarf;
				ENABLE_STRICT_OBJC_MSGSEND = YES;
				ENABLE_TESTABILITY = YES;
				GCC_C_LANGUAGE_STANDARD = gnu11;
				GCC_DYNAMIC_NO_PIC = NO;
				GCC_NO_COMMON_BLOCKS = YES;
				GCC_OPTIMIZATION_LEVEL = 0;
				GCC_PREPROCESSOR_DEFINITIONS = (
					"DEBUG=1",
					"$(inherited)",
				);
				GCC_WARN_64_TO_32_BIT_CONVERSION = YES;
				GCC_WARN_ABOUT_RETURN_TYPE = YES_ERROR;
				GCC_WARN_UNDECLARED_SELECTOR = YES;
				GCC_WARN_UNINITIALIZED_AUTOS = YES_AGGRESSIVE;
				GCC_WARN_UNUSED_FUNCTION = YES;
				GCC_WARN_UNUSED_VARIABLE = YES;
				IPHONEOS_DEPLOYMENT_TARGET = 13.5;
				MTL_ENABLE_DEBUG_INFO = INCLUDE_SOURCE;
				MTL_FAST_MATH = YES;
				ONLY_ACTIVE_ARCH = YES;
				SDKROOT = iphoneos;
			};
			name = Debug;
		};
		9899C0CF2488C69D00F1DCAD /* Release */ = {
			isa = XCBuildConfiguration;
			buildSettings = {
				ALWAYS_SEARCH_USER_PATHS = NO;
				CLANG_ANALYZER_NONNULL = YES;
				CLANG_ANALYZER_NUMBER_OBJECT_CONVERSION = YES_AGGRESSIVE;
				CLANG_CXX_LANGUAGE_STANDARD = "gnu++14";
				CLANG_CXX_LIBRARY = "libc++";
				CLANG_ENABLE_MODULES = YES;
				CLANG_ENABLE_OBJC_ARC = YES;
				CLANG_ENABLE_OBJC_WEAK = YES;
				CLANG_WARN_BLOCK_CAPTURE_AUTORELEASING = YES;
				CLANG_WARN_BOOL_CONVERSION = YES;
				CLANG_WARN_COMMA = YES;
				CLANG_WARN_CONSTANT_CONVERSION = YES;
				CLANG_WARN_DEPRECATED_OBJC_IMPLEMENTATIONS = YES;
				CLANG_WARN_DIRECT_OBJC_ISA_USAGE = YES_ERROR;
				CLANG_WARN_DOCUMENTATION_COMMENTS = YES;
				CLANG_WARN_EMPTY_BODY = YES;
				CLANG_WARN_ENUM_CONVERSION = YES;
				CLANG_WARN_INFINITE_RECURSION = YES;
				CLANG_WARN_INT_CONVERSION = YES;
				CLANG_WARN_NON_LITERAL_NULL_CONVERSION = YES;
				CLANG_WARN_OBJC_IMPLICIT_RETAIN_SELF = YES;
				CLANG_WARN_OBJC_LITERAL_CONVERSION = YES;
				CLANG_WARN_OBJC_ROOT_CLASS = YES_ERROR;
				CLANG_WARN_RANGE_LOOP_ANALYSIS = YES;
				CLANG_WARN_STRICT_PROTOTYPES = YES;
				CLANG_WARN_SUSPICIOUS_MOVE = YES;
				CLANG_WARN_UNGUARDED_AVAILABILITY = YES_AGGRESSIVE;
				CLANG_WARN_UNREACHABLE_CODE = YES;
				CLANG_WARN__DUPLICATE_METHOD_MATCH = YES;
				COPY_PHASE_STRIP = NO;
				DEBUG_INFORMATION_FORMAT = "dwarf-with-dsym";
				ENABLE_NS_ASSERTIONS = NO;
				ENABLE_STRICT_OBJC_MSGSEND = YES;
				GCC_C_LANGUAGE_STANDARD = gnu11;
				GCC_NO_COMMON_BLOCKS = YES;
				GCC_WARN_64_TO_32_BIT_CONVERSION = YES;
				GCC_WARN_ABOUT_RETURN_TYPE = YES_ERROR;
				GCC_WARN_UNDECLARED_SELECTOR = YES;
				GCC_WARN_UNINITIALIZED_AUTOS = YES_AGGRESSIVE;
				GCC_WARN_UNUSED_FUNCTION = YES;
				GCC_WARN_UNUSED_VARIABLE = YES;
				IPHONEOS_DEPLOYMENT_TARGET = 13.5;
				MTL_ENABLE_DEBUG_INFO = NO;
				MTL_FAST_MATH = YES;
				SDKROOT = iphoneos;
				VALIDATE_PRODUCT = YES;
			};
			name = Release;
		};
		9899C0D12488C69D00F1DCAD /* Debug */ = {
			isa = XCBuildConfiguration;
			buildSettings = {
				ASSETCATALOG_COMPILER_APPICON_NAME = AppIcon;
				CODE_SIGN_STYLE = Automatic;
				DEVELOPMENT_TEAM = 9KHP4ZLTCD;
				INFOPLIST_FILE = LXFPhotoPicker/Info.plist;
				IPHONEOS_DEPLOYMENT_TARGET = 9.0;
				LD_RUNPATH_SEARCH_PATHS = (
					"$(inherited)",
					"@executable_path/Frameworks",
				);
				PRODUCT_BUNDLE_IDENTIFIER = com.guanniu.LXFPhotoPicker;
				PRODUCT_NAME = "$(TARGET_NAME)";
				TARGETED_DEVICE_FAMILY = "1,2";
			};
			name = Debug;
		};
		9899C0D22488C69D00F1DCAD /* Release */ = {
			isa = XCBuildConfiguration;
			buildSettings = {
				ASSETCATALOG_COMPILER_APPICON_NAME = AppIcon;
				CODE_SIGN_STYLE = Automatic;
				DEVELOPMENT_TEAM = 9KHP4ZLTCD;
				INFOPLIST_FILE = LXFPhotoPicker/Info.plist;
				IPHONEOS_DEPLOYMENT_TARGET = 9.0;
				LD_RUNPATH_SEARCH_PATHS = (
					"$(inherited)",
					"@executable_path/Frameworks",
				);
				PRODUCT_BUNDLE_IDENTIFIER = com.guanniu.LXFPhotoPicker;
				PRODUCT_NAME = "$(TARGET_NAME)";
				TARGETED_DEVICE_FAMILY = "1,2";
			};
			name = Release;
		};
/* End XCBuildConfiguration section */

/* Begin XCConfigurationList section */
		9899C0B22488C69A00F1DCAD /* Build configuration list for PBXProject "LXFPhotoPicker" */ = {
			isa = XCConfigurationList;
			buildConfigurations = (
				9899C0CE2488C69D00F1DCAD /* Debug */,
				9899C0CF2488C69D00F1DCAD /* Release */,
			);
			defaultConfigurationIsVisible = 0;
			defaultConfigurationName = Release;
		};
		9899C0D02488C69D00F1DCAD /* Build configuration list for PBXNativeTarget "LXFPhotoPicker" */ = {
			isa = XCConfigurationList;
			buildConfigurations = (
				9899C0D12488C69D00F1DCAD /* Debug */,
				9899C0D22488C69D00F1DCAD /* Release */,
			);
			defaultConfigurationIsVisible = 0;
			defaultConfigurationName = Release;
		};
/* End XCConfigurationList section */
	};
	rootObject = 9899C0AF2488C69A00F1DCAD /* Project object */;
}
